{
  "lockfileVersion": 1,
  "configVersion": 1,
  "workspaces": {
    "": {
      "dependencies": {
        "mediabunny": "^1.35.0",
      },
    },
  },
  "packages": {
    "@types/dom-mediacapture-transform": ["@types/dom-mediacapture-transform@0.1.11", "", { "dependencies": { "@types/dom-webcodecs": "*" } }, "sha512-Y2p+nGf1bF2XMttBnsVPHUWzRRZzqUoJAKmiP10b5umnO6DDrWI0BrGDJy1pOHoOULVmGSfFNkQrAlC5dcj6nQ=="],

    "@types/dom-webcodecs": ["@types/dom-webcodecs@0.1.13", "", {}, "sha512-O5hkiFIcjjszPIYyUSyvScyvrBoV3NOEEZx/pMlsu44TKzWNkLVBBxnxJz42in5n3QIolYOcBYFCPZZ0h8SkwQ=="],

    "mediabunny": ["mediabunny@1.35.0", "", { "dependencies": { "@types/dom-mediacapture-transform": "^0.1.11", "@types/dom-webcodecs": "0.1.13" } }, "sha512-nDCwdkK9aWDam1+L/VnK2EWzENj5WcPAAmm6HBTXQe5FZ/Mx7uSJewTKeA1JKXpkXvSsp+7UzTsx+G7HfcwOGA=="],
  }
}
